
Microsoft Visual Studio Solution File, Format Version 12.00
# Visual Studio Version 17
VisualStudioVersion = 17.8.34525.116
MinimumVisualStudioVersion = 10.0.40219.1
Project("{FAE04EC0-301F-11D3-BF4B-00C04F79EFBC}") = "1. Two Sum", "1. Two Sum.csproj", "{D0CBCACD-AF9F-44D8-8E7C-26818B78710E}"
EndProject
Global
	GlobalSection(SolutionConfigurationPlatforms) = preSolution
		Debug|Any CPU = Debug|Any CPU
		Release|Any CPU = Release|Any CPU
	EndGlobalSection
	GlobalSection(ProjectConfigurationPlatforms) = postSolution
		{D0CBCACD-AF9F-44D8-8E7C-26818B78710E}.Debug|Any CPU.ActiveCfg = Debug|Any CPU
		{D0CBCACD-AF9F-44D8-8E7C-26818B78710E}.Debug|Any CPU.Build.0 = Debug|Any CPU
		{D0CBCACD-AF9F-44D8-8E7C-26818B78710E}.Release|Any CPU.ActiveCfg = Release|Any CPU
		{D0CBCACD-AF9F-44D8-8E7C-26818B78710E}.Release|Any CPU.Build.0 = Release|Any CPU
	EndGlobalSection
	GlobalSection(SolutionProperties) = preSolution
		HideSolutionNode = FALSE
	EndGlobalSection
	GlobalSection(ExtensibilityGlobals) = postSolution
		SolutionGuid = {AE523956-2D21-4B11-90F3-C80BAE629434}
	EndGlobalSection
EndGlobal
