
Microsoft Visual Studio Solution File, Format Version 12.00
# Visual Studio Version 17
VisualStudioVersion = 17.8.34525.116
MinimumVisualStudioVersion = 10.0.40219.1
Project("{FAE04EC0-301F-11D3-BF4B-00C04F79EFBC}") = "88. Merge Sorted Array", "88. Merge Sorted Array.csproj", "{F7EE6C3F-27DF-41F3-84C6-3245549C1D2D}"
EndProject
Global
	GlobalSection(SolutionConfigurationPlatforms) = preSolution
		Debug|Any CPU = Debug|Any CPU
		Release|Any CPU = Release|Any CPU
	EndGlobalSection
	GlobalSection(ProjectConfigurationPlatforms) = postSolution
		{F7EE6C3F-27DF-41F3-84C6-3245549C1D2D}.Debug|Any CPU.ActiveCfg = Debug|Any CPU
		{F7EE6C3F-27DF-41F3-84C6-3245549C1D2D}.Debug|Any CPU.Build.0 = Debug|Any CPU
		{F7EE6C3F-27DF-41F3-84C6-3245549C1D2D}.Release|Any CPU.ActiveCfg = Release|Any CPU
		{F7EE6C3F-27DF-41F3-84C6-3245549C1D2D}.Release|Any CPU.Build.0 = Release|Any CPU
	EndGlobalSection
	GlobalSection(SolutionProperties) = preSolution
		HideSolutionNode = FALSE
	EndGlobalSection
	GlobalSection(ExtensibilityGlobals) = postSolution
		SolutionGuid = {DBF4571F-5B71-4BA6-BF0A-BE0FCCA25F97}
	EndGlobalSection
EndGlobal
