
Microsoft Visual Studio Solution File, Format Version 12.00
# Visual Studio Version 17
VisualStudioVersion = 17.8.34525.116
MinimumVisualStudioVersion = 10.0.40219.1
Project("{FAE04EC0-301F-11D3-BF4B-00C04F79EFBC}") = "110. Balanced Binary Tree", "110. Balanced Binary Tree.csproj", "{4F4352A2-C452-4AA7-BA41-556B95E747CE}"
EndProject
Global
	GlobalSection(SolutionConfigurationPlatforms) = preSolution
		Debug|Any CPU = Debug|Any CPU
		Release|Any CPU = Release|Any CPU
	EndGlobalSection
	GlobalSection(ProjectConfigurationPlatforms) = postSolution
		{4F4352A2-C452-4AA7-BA41-556B95E747CE}.Debug|Any CPU.ActiveCfg = Debug|Any CPU
		{4F4352A2-C452-4AA7-BA41-556B95E747CE}.Debug|Any CPU.Build.0 = Debug|Any CPU
		{4F4352A2-C452-4AA7-BA41-556B95E747CE}.Release|Any CPU.ActiveCfg = Release|Any CPU
		{4F4352A2-C452-4AA7-BA41-556B95E747CE}.Release|Any CPU.Build.0 = Release|Any CPU
	EndGlobalSection
	GlobalSection(SolutionProperties) = preSolution
		HideSolutionNode = FALSE
	EndGlobalSection
	GlobalSection(ExtensibilityGlobals) = postSolution
		SolutionGuid = {1F535D88-0380-4971-83E7-BC50FEB8C3AA}
	EndGlobalSection
EndGlobal
