
Microsoft Visual Studio Solution File, Format Version 12.00
# Visual Studio Version 17
VisualStudioVersion = 17.8.34525.116
MinimumVisualStudioVersion = 10.0.40219.1
Project("{FAE04EC0-301F-11D3-BF4B-00C04F79EFBC}") = "141. Linked List Cycle", "141. Linked List Cycle.csproj", "{A2F40E42-C76D-48D3-98E6-85FBBB6D1FDF}"
EndProject
Global
	GlobalSection(SolutionConfigurationPlatforms) = preSolution
		Debug|Any CPU = Debug|Any CPU
		Release|Any CPU = Release|Any CPU
	EndGlobalSection
	GlobalSection(ProjectConfigurationPlatforms) = postSolution
		{A2F40E42-C76D-48D3-98E6-85FBBB6D1FDF}.Debug|Any CPU.ActiveCfg = Debug|Any CPU
		{A2F40E42-C76D-48D3-98E6-85FBBB6D1FDF}.Debug|Any CPU.Build.0 = Debug|Any CPU
		{A2F40E42-C76D-48D3-98E6-85FBBB6D1FDF}.Release|Any CPU.ActiveCfg = Release|Any CPU
		{A2F40E42-C76D-48D3-98E6-85FBBB6D1FDF}.Release|Any CPU.Build.0 = Release|Any CPU
	EndGlobalSection
	GlobalSection(SolutionProperties) = preSolution
		HideSolutionNode = FALSE
	EndGlobalSection
	GlobalSection(ExtensibilityGlobals) = postSolution
		SolutionGuid = {68B9E908-9DB9-4A0A-ABCB-B9D0264A6A6A}
	EndGlobalSection
EndGlobal
