
Microsoft Visual Studio Solution File, Format Version 12.00
# Visual Studio Version 17
VisualStudioVersion = 17.11.35327.3
MinimumVisualStudioVersion = 10.0.40219.1
Project("{FAE04EC0-301F-11D3-BF4B-00C04F79EFBC}") = "74. Search a 2D Matrix", "74. Search a 2D Matrix.csproj", "{A82EE612-CA0D-45EE-95C3-5128EE3802D0}"
EndProject
Global
	GlobalSection(SolutionConfigurationPlatforms) = preSolution
		Debug|Any CPU = Debug|Any CPU
		Release|Any CPU = Release|Any CPU
	EndGlobalSection
	GlobalSection(ProjectConfigurationPlatforms) = postSolution
		{A82EE612-CA0D-45EE-95C3-5128EE3802D0}.Debug|Any CPU.ActiveCfg = Debug|Any CPU
		{A82EE612-CA0D-45EE-95C3-5128EE3802D0}.Debug|Any CPU.Build.0 = Debug|Any CPU
		{A82EE612-CA0D-45EE-95C3-5128EE3802D0}.Release|Any CPU.ActiveCfg = Release|Any CPU
		{A82EE612-CA0D-45EE-95C3-5128EE3802D0}.Release|Any CPU.Build.0 = Release|Any CPU
	EndGlobalSection
	GlobalSection(SolutionProperties) = preSolution
		HideSolutionNode = FALSE
	EndGlobalSection
	GlobalSection(ExtensibilityGlobals) = postSolution
		SolutionGuid = {9D105AED-395C-453E-87B6-92609E1AB2F7}
	EndGlobalSection
EndGlobal
