
Microsoft Visual Studio Solution File, Format Version 12.00
# Visual Studio Version 17
VisualStudioVersion = 17.11.35327.3
MinimumVisualStudioVersion = 10.0.40219.1
Project("{FAE04EC0-301F-11D3-BF4B-00C04F79EFBC}") = "875. Koko Eating Bananas", "875. Koko Eating Bananas.csproj", "{38A210E5-4E8B-49C0-8B55-49EFC4A95008}"
EndProject
Global
	GlobalSection(SolutionConfigurationPlatforms) = preSolution
		Debug|Any CPU = Debug|Any CPU
		Release|Any CPU = Release|Any CPU
	EndGlobalSection
	GlobalSection(ProjectConfigurationPlatforms) = postSolution
		{38A210E5-4E8B-49C0-8B55-49EFC4A95008}.Debug|Any CPU.ActiveCfg = Debug|Any CPU
		{38A210E5-4E8B-49C0-8B55-49EFC4A95008}.Debug|Any CPU.Build.0 = Debug|Any CPU
		{38A210E5-4E8B-49C0-8B55-49EFC4A95008}.Release|Any CPU.ActiveCfg = Release|Any CPU
		{38A210E5-4E8B-49C0-8B55-49EFC4A95008}.Release|Any CPU.Build.0 = Release|Any CPU
	EndGlobalSection
	GlobalSection(SolutionProperties) = preSolution
		HideSolutionNode = FALSE
	EndGlobalSection
	GlobalSection(ExtensibilityGlobals) = postSolution
		SolutionGuid = {215A4C1C-E0E4-4CE5-B4F2-05937B869A6A}
	EndGlobalSection
EndGlobal
