
Microsoft Visual Studio Solution File, Format Version 12.00
# Visual Studio Version 17
VisualStudioVersion = 17.11.35303.130
MinimumVisualStudioVersion = 10.0.40219.1
Project("{FAE04EC0-301F-11D3-BF4B-00C04F79EFBC}") = "100. Same Tree", "100. Same Tree.csproj", "{1B3F76C6-3333-41FF-AB95-2D3234D6782C}"
EndProject
Global
	GlobalSection(SolutionConfigurationPlatforms) = preSolution
		Debug|Any CPU = Debug|Any CPU
		Release|Any CPU = Release|Any CPU
	EndGlobalSection
	GlobalSection(ProjectConfigurationPlatforms) = postSolution
		{1B3F76C6-3333-41FF-AB95-2D3234D6782C}.Debug|Any CPU.ActiveCfg = Debug|Any CPU
		{1B3F76C6-3333-41FF-AB95-2D3234D6782C}.Debug|Any CPU.Build.0 = Debug|Any CPU
		{1B3F76C6-3333-41FF-AB95-2D3234D6782C}.Release|Any CPU.ActiveCfg = Release|Any CPU
		{1B3F76C6-3333-41FF-AB95-2D3234D6782C}.Release|Any CPU.Build.0 = Release|Any CPU
	EndGlobalSection
	GlobalSection(SolutionProperties) = preSolution
		HideSolutionNode = FALSE
	EndGlobalSection
	GlobalSection(ExtensibilityGlobals) = postSolution
		SolutionGuid = {14F9E5B4-E2A2-43AA-9936-49B54A1F264E}
	EndGlobalSection
EndGlobal
