
Microsoft Visual Studio Solution File, Format Version 12.00
# Visual Studio Version 17
VisualStudioVersion = 17.8.34525.116
MinimumVisualStudioVersion = 10.0.40219.1
Project("{FAE04EC0-301F-11D3-BF4B-00C04F79EFBC}") = "733. Flood Fill", "733. Flood Fill.csproj", "{489D60E4-C64D-499B-A972-B673BCA5A486}"
EndProject
Global
	GlobalSection(SolutionConfigurationPlatforms) = preSolution
		Debug|Any CPU = Debug|Any CPU
		Release|Any CPU = Release|Any CPU
	EndGlobalSection
	GlobalSection(ProjectConfigurationPlatforms) = postSolution
		{489D60E4-C64D-499B-A972-B673BCA5A486}.Debug|Any CPU.ActiveCfg = Debug|Any CPU
		{489D60E4-C64D-499B-A972-B673BCA5A486}.Debug|Any CPU.Build.0 = Debug|Any CPU
		{489D60E4-C64D-499B-A972-B673BCA5A486}.Release|Any CPU.ActiveCfg = Release|Any CPU
		{489D60E4-C64D-499B-A972-B673BCA5A486}.Release|Any CPU.Build.0 = Release|Any CPU
	EndGlobalSection
	GlobalSection(SolutionProperties) = preSolution
		HideSolutionNode = FALSE
	EndGlobalSection
	GlobalSection(ExtensibilityGlobals) = postSolution
		SolutionGuid = {0241F26A-53C4-46CF-8E2C-90336D6A6859}
	EndGlobalSection
EndGlobal
