
Microsoft Visual Studio Solution File, Format Version 12.00
# Visual Studio Version 17
VisualStudioVersion = 17.11.35303.130
MinimumVisualStudioVersion = 10.0.40219.1
Project("{FAE04EC0-301F-11D3-BF4B-00C04F79EFBC}") = "207. Course Schedule", "207. Course Schedule.csproj", "{F91C175E-2B2F-4B5B-917C-F7C838AF1C6B}"
EndProject
Global
	GlobalSection(SolutionConfigurationPlatforms) = preSolution
		Debug|Any CPU = Debug|Any CPU
		Release|Any CPU = Release|Any CPU
	EndGlobalSection
	GlobalSection(ProjectConfigurationPlatforms) = postSolution
		{F91C175E-2B2F-4B5B-917C-F7C838AF1C6B}.Debug|Any CPU.ActiveCfg = Debug|Any CPU
		{F91C175E-2B2F-4B5B-917C-F7C838AF1C6B}.Debug|Any CPU.Build.0 = Debug|Any CPU
		{F91C175E-2B2F-4B5B-917C-F7C838AF1C6B}.Release|Any CPU.ActiveCfg = Release|Any CPU
		{F91C175E-2B2F-4B5B-917C-F7C838AF1C6B}.Release|Any CPU.Build.0 = Release|Any CPU
	EndGlobalSection
	GlobalSection(SolutionProperties) = preSolution
		HideSolutionNode = FALSE
	EndGlobalSection
	GlobalSection(ExtensibilityGlobals) = postSolution
		SolutionGuid = {3C5025CB-7C8F-4CE2-9C27-12599317F112}
	EndGlobalSection
EndGlobal
